
Microsoft Visual Studio Solution File, Format Version 12.00
# Visual Studio Version 16
VisualStudioVersion = 16.0.30804.86
MinimumVisualStudioVersion = 10.0.40219.1
Project("{778DAE3C-4631-46EA-AA77-85C1314464D9}") = "DinerMenu", "DinerMenu.vbproj", "{13287D6A-9B5E-4AF6-BAD5-92A741D63108}"
EndProject
Global
	GlobalSection(SolutionConfigurationPlatforms) = preSolution
		Debug|Any CPU = Debug|Any CPU
		Release|Any CPU = Release|Any CPU
	EndGlobalSection
	GlobalSection(ProjectConfigurationPlatforms) = postSolution
		{13287D6A-9B5E-4AF6-BAD5-92A741D63108}.Debug|Any CPU.ActiveCfg = Debug|Any CPU
		{13287D6A-9B5E-4AF6-BAD5-92A741D63108}.Debug|Any CPU.Build.0 = Debug|Any CPU
		{13287D6A-9B5E-4AF6-BAD5-92A741D63108}.Release|Any CPU.ActiveCfg = Release|Any CPU
		{13287D6A-9B5E-4AF6-BAD5-92A741D63108}.Release|Any CPU.Build.0 = Release|Any CPU
	EndGlobalSection
	GlobalSection(SolutionProperties) = preSolution
		HideSolutionNode = FALSE
	EndGlobalSection
	GlobalSection(ExtensibilityGlobals) = postSolution
		SolutionGuid = {13A31D6F-B07C-449D-846E-772516EBE649}
	EndGlobalSection
EndGlobal
